// !$*UTF8*$!
{
	archiveVersion = 1;
	classes = {
	};
	objectVersion = 46;
	objects = {

/* Begin PBXAggregateTarget section */
		A7F4DFED147FBAC600F4059A /* Documentation */ = {
			isa = PBXAggregateTarget;
			buildConfigurationList = A7F4DFEE147FBAC600F4059A /* Build configuration list for PBXAggregateTarget "Documentation" */;
			buildPhases = (
				A7F4DFF1147FBB0B00F4059A /* ShellScript */,
			);
			dependencies = (
			);
			name = Documentation;
			productName = Documentation;
		};
/* End PBXAggregateTarget section */

/* Begin PBXBuildFile section */
		A70B4CD01486621B00873A4A /* DTFoundation.h in Headers */ = {isa = PBXBuildFile; fileRef = A70B4CC51486621B00873A4A /* DTFoundation.h */; settings = {ATTRIBUTES = (Public, ); }; };
		A70B4CD11486621B00873A4A /* DTVersion.h in Headers */ = {isa = PBXBuildFile; fileRef = A70B4CC71486621B00873A4A /* DTVersion.h */; settings = {ATTRIBUTES = (Public, ); }; };
		A70B4CD21486621B00873A4A /* DTVersion.m in Sources */ = {isa = PBXBuildFile; fileRef = A70B4CC81486621B00873A4A /* DTVersion.m */; };
		A70B4CD31486621B00873A4A /* LoadableCategory.h in Headers */ = {isa = PBXBuildFile; fileRef = A70B4CC91486621B00873A4A /* LoadableCategory.h */; settings = {ATTRIBUTES = (Public, ); }; };
		A70B4CD41486621B00873A4A /* NSString+DTFormatNumbers.h in Headers */ = {isa = PBXBuildFile; fileRef = A70B4CCA1486621B00873A4A /* NSString+DTFormatNumbers.h */; settings = {ATTRIBUTES = (Public, ); }; };
		A70B4CD51486621B00873A4A /* NSString+DTFormatNumbers.m in Sources */ = {isa = PBXBuildFile; fileRef = A70B4CCB1486621B00873A4A /* NSString+DTFormatNumbers.m */; };
		A70B4CD61486621B00873A4A /* NSURL+DTAppLinks.h in Headers */ = {isa = PBXBuildFile; fileRef = A70B4CCC1486621B00873A4A /* NSURL+DTAppLinks.h */; settings = {ATTRIBUTES = (Public, ); }; };
		A70B4CD71486621B00873A4A /* NSURL+DTAppLinks.m in Sources */ = {isa = PBXBuildFile; fileRef = A70B4CCD1486621B00873A4A /* NSURL+DTAppLinks.m */; };
		A70B4CD81486621B00873A4A /* NSURL+DTPrefLinks.h in Headers */ = {isa = PBXBuildFile; fileRef = A70B4CCE1486621B00873A4A /* NSURL+DTPrefLinks.h */; settings = {ATTRIBUTES = (Public, ); }; };
		A70B4CD91486621B00873A4A /* NSURL+DTPrefLinks.m in Sources */ = {isa = PBXBuildFile; fileRef = A70B4CCF1486621B00873A4A /* NSURL+DTPrefLinks.m */; };
		A70B4CDD1486628A00873A4A /* LICENSE in Resources */ = {isa = PBXBuildFile; fileRef = A70B4CDB1486628A00873A4A /* LICENSE */; };
		A70B4CDE1486628A00873A4A /* readme.markdown in Resources */ = {isa = PBXBuildFile; fileRef = A70B4CDC1486628A00873A4A /* readme.markdown */; };
		A70B4CE2148662B000873A4A /* DTFoundation-Prefix.pch in Headers */ = {isa = PBXBuildFile; fileRef = A70B4CE0148662B000873A4A /* DTFoundation-Prefix.pch */; };
		A70B4CE81486637E00873A4A /* Foundation.framework in Frameworks */ = {isa = PBXBuildFile; fileRef = A7F4DFFA147FD08F00F4059A /* Foundation.framework */; };
		A70B4CF2148663A800873A4A /* DTVersion.h in Headers */ = {isa = PBXBuildFile; fileRef = A70B4CC71486621B00873A4A /* DTVersion.h */; settings = {ATTRIBUTES = (Public, ); }; };
		A70B4CF3148663A800873A4A /* NSString+DTFormatNumbers.h in Headers */ = {isa = PBXBuildFile; fileRef = A70B4CCA1486621B00873A4A /* NSString+DTFormatNumbers.h */; settings = {ATTRIBUTES = (Public, ); }; };
		A70B4CF4148663A800873A4A /* NSURL+DTAppLinks.h in Headers */ = {isa = PBXBuildFile; fileRef = A70B4CCC1486621B00873A4A /* NSURL+DTAppLinks.h */; settings = {ATTRIBUTES = (Public, ); }; };
		A70B4CF5148663A800873A4A /* NSURL+DTPrefLinks.h in Headers */ = {isa = PBXBuildFile; fileRef = A70B4CCE1486621B00873A4A /* NSURL+DTPrefLinks.h */; settings = {ATTRIBUTES = (Public, ); }; };
		A70B4CF6148663A800873A4A /* LoadableCategory.h in Headers */ = {isa = PBXBuildFile; fileRef = A70B4CC91486621B00873A4A /* LoadableCategory.h */; settings = {ATTRIBUTES = (Public, ); }; };
		A70B4CF7148663AF00873A4A /* DTFoundation.h in Headers */ = {isa = PBXBuildFile; fileRef = A70B4CC51486621B00873A4A /* DTFoundation.h */; settings = {ATTRIBUTES = (Public, ); }; };
		A7200ACB150917FD00D81719 /* UIImage+DTFoundation.h in Headers */ = {isa = PBXBuildFile; fileRef = A7200AC9150917FD00D81719 /* UIImage+DTFoundation.h */; settings = {ATTRIBUTES = (Public, ); }; };
		A7200ACC150917FD00D81719 /* UIImage+DTFoundation.h in Headers */ = {isa = PBXBuildFile; fileRef = A7200AC9150917FD00D81719 /* UIImage+DTFoundation.h */; settings = {ATTRIBUTES = (Public, ); }; };
		A7200ACD150917FD00D81719 /* UIImage+DTFoundation.m in Sources */ = {isa = PBXBuildFile; fileRef = A7200ACA150917FD00D81719 /* UIImage+DTFoundation.m */; };
		A7200ACE150917FD00D81719 /* UIImage+DTFoundation.m in Sources */ = {isa = PBXBuildFile; fileRef = A7200ACA150917FD00D81719 /* UIImage+DTFoundation.m */; };
		A72C110514A4946800F4EF69 /* UIView+DTFoundation.h in Headers */ = {isa = PBXBuildFile; fileRef = A72C110314A4946800F4EF69 /* UIView+DTFoundation.h */; settings = {ATTRIBUTES = (Public, ); }; };
		A72C110614A4946800F4EF69 /* UIView+DTFoundation.h in Headers */ = {isa = PBXBuildFile; fileRef = A72C110314A4946800F4EF69 /* UIView+DTFoundation.h */; settings = {ATTRIBUTES = (Public, ); }; };
		A72C110714A4946800F4EF69 /* UIView+DTFoundation.m in Sources */ = {isa = PBXBuildFile; fileRef = A72C110414A4946800F4EF69 /* UIView+DTFoundation.m */; };
		A72C110814A4946800F4EF69 /* UIView+DTFoundation.m in Sources */ = {isa = PBXBuildFile; fileRef = A72C110414A4946800F4EF69 /* UIView+DTFoundation.m */; };
		A73D5BAB155271FD0024BDB7 /* NSArray+DTError.h in Headers */ = {isa = PBXBuildFile; fileRef = A73D5BA9155271FD0024BDB7 /* NSArray+DTError.h */; settings = {ATTRIBUTES = (Public, ); }; };
		A73D5BAC155271FD0024BDB7 /* NSArray+DTError.h in Headers */ = {isa = PBXBuildFile; fileRef = A73D5BA9155271FD0024BDB7 /* NSArray+DTError.h */; settings = {ATTRIBUTES = (Public, ); }; };
		A73D5BAD155271FD0024BDB7 /* NSArray+DTError.m in Sources */ = {isa = PBXBuildFile; fileRef = A73D5BAA155271FD0024BDB7 /* NSArray+DTError.m */; };
		A73D5BAE155271FD0024BDB7 /* NSArray+DTError.m in Sources */ = {isa = PBXBuildFile; fileRef = A73D5BAA155271FD0024BDB7 /* NSArray+DTError.m */; };
		A7494DFB15418B3100BDDB7D /* DTDownloadCache.h in Headers */ = {isa = PBXBuildFile; fileRef = A7494DF915418B3100BDDB7D /* DTDownloadCache.h */; };
		A7494DFC15418B3100BDDB7D /* DTDownloadCache.h in Headers */ = {isa = PBXBuildFile; fileRef = A7494DF915418B3100BDDB7D /* DTDownloadCache.h */; };
		A7494DFD15418B3100BDDB7D /* DTDownloadCache.m in Sources */ = {isa = PBXBuildFile; fileRef = A7494DFA15418B3100BDDB7D /* DTDownloadCache.m */; };
		A7494DFE15418B3100BDDB7D /* DTDownloadCache.m in Sources */ = {isa = PBXBuildFile; fileRef = A7494DFA15418B3100BDDB7D /* DTDownloadCache.m */; };
		A7494E53154190F500BDDB7D /* DTCachedFile.h in Headers */ = {isa = PBXBuildFile; fileRef = A7494E51154190F500BDDB7D /* DTCachedFile.h */; };
		A7494E54154190F500BDDB7D /* DTCachedFile.h in Headers */ = {isa = PBXBuildFile; fileRef = A7494E51154190F500BDDB7D /* DTCachedFile.h */; };
		A7494E55154190F500BDDB7D /* DTCachedFile.m in Sources */ = {isa = PBXBuildFile; fileRef = A7494E52154190F500BDDB7D /* DTCachedFile.m */; };
		A7494E56154190F500BDDB7D /* DTCachedFile.m in Sources */ = {isa = PBXBuildFile; fileRef = A7494E52154190F500BDDB7D /* DTCachedFile.m */; };
		A760F52C14F24B9F00AD1B0E /* DTASN1Parser.h in Headers */ = {isa = PBXBuildFile; fileRef = A760F52A14F24B9F00AD1B0E /* DTASN1Parser.h */; settings = {ATTRIBUTES = (Public, ); }; };
		A760F52D14F24B9F00AD1B0E /* DTASN1Parser.h in Headers */ = {isa = PBXBuildFile; fileRef = A760F52A14F24B9F00AD1B0E /* DTASN1Parser.h */; settings = {ATTRIBUTES = (Public, ); }; };
		A760F52E14F24B9F00AD1B0E /* DTASN1Parser.m in Sources */ = {isa = PBXBuildFile; fileRef = A760F52B14F24B9F00AD1B0E /* DTASN1Parser.m */; };
		A760F52F14F24B9F00AD1B0E /* DTASN1Parser.m in Sources */ = {isa = PBXBuildFile; fileRef = A760F52B14F24B9F00AD1B0E /* DTASN1Parser.m */; };
		A77DD39E14E648AD00F34B03 /* DTAsyncFileDeleter.h in Headers */ = {isa = PBXBuildFile; fileRef = A77DD39C14E648AD00F34B03 /* DTAsyncFileDeleter.h */; settings = {ATTRIBUTES = (Public, ); }; };
		A77DD39F14E648AD00F34B03 /* DTAsyncFileDeleter.h in Headers */ = {isa = PBXBuildFile; fileRef = A77DD39C14E648AD00F34B03 /* DTAsyncFileDeleter.h */; settings = {ATTRIBUTES = (Public, ); }; };
		A77DD3A014E648AD00F34B03 /* DTAsyncFileDeleter.m in Sources */ = {isa = PBXBuildFile; fileRef = A77DD39D14E648AD00F34B03 /* DTAsyncFileDeleter.m */; };
		A77DD3A114E648AD00F34B03 /* DTAsyncFileDeleter.m in Sources */ = {isa = PBXBuildFile; fileRef = A77DD39D14E648AD00F34B03 /* DTAsyncFileDeleter.m */; };
		A77DD40814E81AEE00F34B03 /* DTZipArchive.h in Headers */ = {isa = PBXBuildFile; fileRef = A77DD40614E81AED00F34B03 /* DTZipArchive.h */; settings = {ATTRIBUTES = (Public, ); }; };
		A77DD40914E81AEE00F34B03 /* DTZipArchive.h in Headers */ = {isa = PBXBuildFile; fileRef = A77DD40614E81AED00F34B03 /* DTZipArchive.h */; settings = {ATTRIBUTES = (Public, ); }; };
		A77DD40A14E81AEE00F34B03 /* DTZipArchive.m in Sources */ = {isa = PBXBuildFile; fileRef = A77DD40714E81AEE00F34B03 /* DTZipArchive.m */; };
		A77DD40B14E81AEE00F34B03 /* DTZipArchive.m in Sources */ = {isa = PBXBuildFile; fileRef = A77DD40714E81AEE00F34B03 /* DTZipArchive.m */; };
		A77DD41614E825FC00F34B03 /* crypt.h in Headers */ = {isa = PBXBuildFile; fileRef = A77DD40D14E825FC00F34B03 /* crypt.h */; };
		A77DD41714E825FC00F34B03 /* crypt.h in Headers */ = {isa = PBXBuildFile; fileRef = A77DD40D14E825FC00F34B03 /* crypt.h */; };
		A77DD41814E825FC00F34B03 /* ioapi.c in Sources */ = {isa = PBXBuildFile; fileRef = A77DD40E14E825FC00F34B03 /* ioapi.c */; };
		A77DD41914E825FC00F34B03 /* ioapi.c in Sources */ = {isa = PBXBuildFile; fileRef = A77DD40E14E825FC00F34B03 /* ioapi.c */; };
		A77DD41A14E825FC00F34B03 /* ioapi.h in Headers */ = {isa = PBXBuildFile; fileRef = A77DD40F14E825FC00F34B03 /* ioapi.h */; };
		A77DD41B14E825FC00F34B03 /* ioapi.h in Headers */ = {isa = PBXBuildFile; fileRef = A77DD40F14E825FC00F34B03 /* ioapi.h */; };
		A77DD41C14E825FC00F34B03 /* mztools.c in Sources */ = {isa = PBXBuildFile; fileRef = A77DD41014E825FC00F34B03 /* mztools.c */; };
		A77DD41D14E825FC00F34B03 /* mztools.c in Sources */ = {isa = PBXBuildFile; fileRef = A77DD41014E825FC00F34B03 /* mztools.c */; };
		A77DD41E14E825FC00F34B03 /* mztools.h in Headers */ = {isa = PBXBuildFile; fileRef = A77DD41114E825FC00F34B03 /* mztools.h */; };
		A77DD41F14E825FC00F34B03 /* mztools.h in Headers */ = {isa = PBXBuildFile; fileRef = A77DD41114E825FC00F34B03 /* mztools.h */; };
		A77DD42014E825FC00F34B03 /* unzip.c in Sources */ = {isa = PBXBuildFile; fileRef = A77DD41214E825FC00F34B03 /* unzip.c */; };
		A77DD42114E825FC00F34B03 /* unzip.c in Sources */ = {isa = PBXBuildFile; fileRef = A77DD41214E825FC00F34B03 /* unzip.c */; };
		A77DD42214E825FC00F34B03 /* unzip.h in Headers */ = {isa = PBXBuildFile; fileRef = A77DD41314E825FC00F34B03 /* unzip.h */; };
		A77DD42314E825FC00F34B03 /* unzip.h in Headers */ = {isa = PBXBuildFile; fileRef = A77DD41314E825FC00F34B03 /* unzip.h */; };
		A77DD42414E825FC00F34B03 /* zip.c in Sources */ = {isa = PBXBuildFile; fileRef = A77DD41414E825FC00F34B03 /* zip.c */; };
		A77DD42514E825FC00F34B03 /* zip.c in Sources */ = {isa = PBXBuildFile; fileRef = A77DD41414E825FC00F34B03 /* zip.c */; };
		A77DD42614E825FC00F34B03 /* zip.h in Headers */ = {isa = PBXBuildFile; fileRef = A77DD41514E825FC00F34B03 /* zip.h */; };
		A77DD42714E825FC00F34B03 /* zip.h in Headers */ = {isa = PBXBuildFile; fileRef = A77DD41514E825FC00F34B03 /* zip.h */; };
		A7949A3A14C963F500A8CCDE /* DTHTMLParser.h in Headers */ = {isa = PBXBuildFile; fileRef = A7949A3814C963F500A8CCDE /* DTHTMLParser.h */; settings = {ATTRIBUTES = (Public, ); }; };
		A7949A3B14C963F500A8CCDE /* DTHTMLParser.h in Headers */ = {isa = PBXBuildFile; fileRef = A7949A3814C963F500A8CCDE /* DTHTMLParser.h */; settings = {ATTRIBUTES = (Public, ); }; };
		A7949A3C14C963F500A8CCDE /* DTHTMLParser.m in Sources */ = {isa = PBXBuildFile; fileRef = A7949A3914C963F500A8CCDE /* DTHTMLParser.m */; };
		A7949A3D14C963F500A8CCDE /* DTHTMLParser.m in Sources */ = {isa = PBXBuildFile; fileRef = A7949A3914C963F500A8CCDE /* DTHTMLParser.m */; };
		A7A7CC7914866CAF00EC2EE4 /* DTVersion.m in Sources */ = {isa = PBXBuildFile; fileRef = A70B4CC81486621B00873A4A /* DTVersion.m */; };
		A7A7CC7A14866CAF00EC2EE4 /* NSString+DTFormatNumbers.m in Sources */ = {isa = PBXBuildFile; fileRef = A70B4CCB1486621B00873A4A /* NSString+DTFormatNumbers.m */; };
		A7A7CC7B14866CAF00EC2EE4 /* NSURL+DTAppLinks.m in Sources */ = {isa = PBXBuildFile; fileRef = A70B4CCD1486621B00873A4A /* NSURL+DTAppLinks.m */; };
		A7A7CC7C14866CAF00EC2EE4 /* NSURL+DTPrefLinks.m in Sources */ = {isa = PBXBuildFile; fileRef = A70B4CCF1486621B00873A4A /* NSURL+DTPrefLinks.m */; };
		A7B57EDA157004630091D4EF /* UIWebView+DTFoundation.h in Headers */ = {isa = PBXBuildFile; fileRef = A7B57ED8157004630091D4EF /* UIWebView+DTFoundation.h */; };
		A7B57EDB157004630091D4EF /* UIWebView+DTFoundation.h in Headers */ = {isa = PBXBuildFile; fileRef = A7B57ED8157004630091D4EF /* UIWebView+DTFoundation.h */; };
		A7B57EDC157004630091D4EF /* UIWebView+DTFoundation.m in Sources */ = {isa = PBXBuildFile; fileRef = A7B57ED9157004630091D4EF /* UIWebView+DTFoundation.m */; };
		A7B57EDD157004630091D4EF /* UIWebView+DTFoundation.m in Sources */ = {isa = PBXBuildFile; fileRef = A7B57ED9157004630091D4EF /* UIWebView+DTFoundation.m */; };
		A7D0AA25153C1B160020F18B /* NSDictionary+DTError.h in Headers */ = {isa = PBXBuildFile; fileRef = A7D0AA23153C1B160020F18B /* NSDictionary+DTError.h */; settings = {ATTRIBUTES = (Public, ); }; };
		A7D0AA26153C1B160020F18B /* NSDictionary+DTError.h in Headers */ = {isa = PBXBuildFile; fileRef = A7D0AA23153C1B160020F18B /* NSDictionary+DTError.h */; settings = {ATTRIBUTES = (Public, ); }; };
		A7D0AA27153C1B160020F18B /* NSDictionary+DTError.m in Sources */ = {isa = PBXBuildFile; fileRef = A7D0AA24153C1B160020F18B /* NSDictionary+DTError.m */; };
		A7D0AA28153C1B160020F18B /* NSDictionary+DTError.m in Sources */ = {isa = PBXBuildFile; fileRef = A7D0AA24153C1B160020F18B /* NSDictionary+DTError.m */; };
		A7D0AA2B153C1FE40020F18B /* NSString+DTURLEncoding.h in Headers */ = {isa = PBXBuildFile; fileRef = A7D0AA29153C1FE40020F18B /* NSString+DTURLEncoding.h */; settings = {ATTRIBUTES = (Public, ); }; };
		A7D0AA2C153C1FE40020F18B /* NSString+DTURLEncoding.h in Headers */ = {isa = PBXBuildFile; fileRef = A7D0AA29153C1FE40020F18B /* NSString+DTURLEncoding.h */; settings = {ATTRIBUTES = (Public, ); }; };
		A7D0AA2D153C1FE40020F18B /* NSString+DTURLEncoding.m in Sources */ = {isa = PBXBuildFile; fileRef = A7D0AA2A153C1FE40020F18B /* NSString+DTURLEncoding.m */; };
		A7D0AA2E153C1FE40020F18B /* NSString+DTURLEncoding.m in Sources */ = {isa = PBXBuildFile; fileRef = A7D0AA2A153C1FE40020F18B /* NSString+DTURLEncoding.m */; };
		A7D0AA44153C22B00020F18B /* DTDownload.h in Headers */ = {isa = PBXBuildFile; fileRef = A7D0AA42153C22B00020F18B /* DTDownload.h */; settings = {ATTRIBUTES = (Public, ); }; };
		A7D0AA45153C22B00020F18B /* DTDownload.h in Headers */ = {isa = PBXBuildFile; fileRef = A7D0AA42153C22B00020F18B /* DTDownload.h */; settings = {ATTRIBUTES = (Public, ); }; };
		A7D0AA46153C22B00020F18B /* DTDownload.m in Sources */ = {isa = PBXBuildFile; fileRef = A7D0AA43153C22B00020F18B /* DTDownload.m */; };
		A7D0AA47153C22B00020F18B /* DTDownload.m in Sources */ = {isa = PBXBuildFile; fileRef = A7D0AA43153C22B00020F18B /* DTDownload.m */; };
		A7D0AA4A153C233E0020F18B /* NSString+DTUtilities.h in Headers */ = {isa = PBXBuildFile; fileRef = A7D0AA48153C233E0020F18B /* NSString+DTUtilities.h */; settings = {ATTRIBUTES = (Public, ); }; };
		A7D0AA4B153C233E0020F18B /* NSString+DTUtilities.h in Headers */ = {isa = PBXBuildFile; fileRef = A7D0AA48153C233E0020F18B /* NSString+DTUtilities.h */; settings = {ATTRIBUTES = (Public, ); }; };
		A7D0AA4C153C233E0020F18B /* NSString+DTUtilities.m in Sources */ = {isa = PBXBuildFile; fileRef = A7D0AA49153C233E0020F18B /* NSString+DTUtilities.m */; };
		A7D0AA4D153C233E0020F18B /* NSString+DTUtilities.m in Sources */ = {isa = PBXBuildFile; fileRef = A7D0AA49153C233E0020F18B /* NSString+DTUtilities.m */; };
		A7D0AA6D153C39920020F18B /* DTUtils.h in Headers */ = {isa = PBXBuildFile; fileRef = A7D0AA6B153C39920020F18B /* DTUtils.h */; settings = {ATTRIBUTES = (Public, ); }; };
		A7D0AA6E153C39920020F18B /* DTUtils.h in Headers */ = {isa = PBXBuildFile; fileRef = A7D0AA6B153C39920020F18B /* DTUtils.h */; settings = {ATTRIBUTES = (Public, ); }; };
		A7D0AA6F153C39920020F18B /* DTUtils.m in Sources */ = {isa = PBXBuildFile; fileRef = A7D0AA6C153C39920020F18B /* DTUtils.m */; };
		A7D0AA70153C39920020F18B /* DTUtils.m in Sources */ = {isa = PBXBuildFile; fileRef = A7D0AA6C153C39920020F18B /* DTUtils.m */; };
		A7D6F2E515063448001CACDD /* DTExtendedFileAttributes.h in Headers */ = {isa = PBXBuildFile; fileRef = A7D6F2E315063448001CACDD /* DTExtendedFileAttributes.h */; settings = {ATTRIBUTES = (Public, ); }; };
		A7D6F2E615063448001CACDD /* DTExtendedFileAttributes.h in Headers */ = {isa = PBXBuildFile; fileRef = A7D6F2E315063448001CACDD /* DTExtendedFileAttributes.h */; settings = {ATTRIBUTES = (Public, ); }; };
		A7D6F2E715063448001CACDD /* DTExtendedFileAttributes.m in Sources */ = {isa = PBXBuildFile; fileRef = A7D6F2E415063448001CACDD /* DTExtendedFileAttributes.m */; };
		A7D6F2E815063448001CACDD /* DTExtendedFileAttributes.m in Sources */ = {isa = PBXBuildFile; fileRef = A7D6F2E415063448001CACDD /* DTExtendedFileAttributes.m */; };
		A7D8628114EBF65C001436AF /* NSString+DTPaths.h in Headers */ = {isa = PBXBuildFile; fileRef = A7D8627F14EBF65C001436AF /* NSString+DTPaths.h */; settings = {ATTRIBUTES = (Public, ); }; };
		A7D8628214EBF65C001436AF /* NSString+DTPaths.h in Headers */ = {isa = PBXBuildFile; fileRef = A7D8627F14EBF65C001436AF /* NSString+DTPaths.h */; settings = {ATTRIBUTES = (Public, ); }; };
		A7D8628314EBF65C001436AF /* NSString+DTPaths.m in Sources */ = {isa = PBXBuildFile; fileRef = A7D8628014EBF65C001436AF /* NSString+DTPaths.m */; };
		A7D8628414EBF65C001436AF /* NSString+DTPaths.m in Sources */ = {isa = PBXBuildFile; fileRef = A7D8628014EBF65C001436AF /* NSString+DTPaths.m */; };
		A7D8C2AA15643C4E009E94AD /* DTPieProgressIndicator.h in Headers */ = {isa = PBXBuildFile; fileRef = A7D8C2A815643C4E009E94AD /* DTPieProgressIndicator.h */; };
		A7D8C2AB15643C4E009E94AD /* DTPieProgressIndicator.h in Headers */ = {isa = PBXBuildFile; fileRef = A7D8C2A815643C4E009E94AD /* DTPieProgressIndicator.h */; };
		A7D8C2AC15643C4E009E94AD /* DTPieProgressIndicator.m in Sources */ = {isa = PBXBuildFile; fileRef = A7D8C2A915643C4E009E94AD /* DTPieProgressIndicator.m */; };
		A7D8C2AD15643C4E009E94AD /* DTPieProgressIndicator.m in Sources */ = {isa = PBXBuildFile; fileRef = A7D8C2A915643C4E009E94AD /* DTPieProgressIndicator.m */; };
		A7FE30641548005700F5DC66 /* NSObject+DTRuntime.h in Headers */ = {isa = PBXBuildFile; fileRef = A7FE30631548005700F5DC66 /* NSObject+DTRuntime.h */; };
		A7FE30651548005700F5DC66 /* NSObject+DTRuntime.h in Headers */ = {isa = PBXBuildFile; fileRef = A7FE30631548005700F5DC66 /* NSObject+DTRuntime.h */; };
		A7FE30681548009A00F5DC66 /* NSObject+DTRuntime.m in Sources */ = {isa = PBXBuildFile; fileRef = A7FE30671548009A00F5DC66 /* NSObject+DTRuntime.m */; };
		A7FE30691548009A00F5DC66 /* NSObject+DTRuntime.m in Sources */ = {isa = PBXBuildFile; fileRef = A7FE30671548009A00F5DC66 /* NSObject+DTRuntime.m */; };
		FA4264F2155D6B5B00E39D79 /* DTPageZoomScrollView.h in Headers */ = {isa = PBXBuildFile; fileRef = FA4264EE155D6B5B00E39D79 /* DTPageZoomScrollView.h */; };
		FA4264F3155D6B5B00E39D79 /* DTPageZoomScrollView.h in Headers */ = {isa = PBXBuildFile; fileRef = FA4264EE155D6B5B00E39D79 /* DTPageZoomScrollView.h */; };
		FA4264F4155D6B5B00E39D79 /* DTPageZoomScrollView.m in Sources */ = {isa = PBXBuildFile; fileRef = FA4264EF155D6B5B00E39D79 /* DTPageZoomScrollView.m */; };
		FA4264F5155D6B5B00E39D79 /* DTPageZoomScrollView.m in Sources */ = {isa = PBXBuildFile; fileRef = FA4264EF155D6B5B00E39D79 /* DTPageZoomScrollView.m */; };
		FA4264F6155D6B5B00E39D79 /* DTSmartPagingScrollView.h in Headers */ = {isa = PBXBuildFile; fileRef = FA4264F0155D6B5B00E39D79 /* DTSmartPagingScrollView.h */; settings = {ATTRIBUTES = (Public, ); }; };
		FA4264F7155D6B5B00E39D79 /* DTSmartPagingScrollView.h in Headers */ = {isa = PBXBuildFile; fileRef = FA4264F0155D6B5B00E39D79 /* DTSmartPagingScrollView.h */; settings = {ATTRIBUTES = (Public, ); }; };
		FA4264F8155D6B5B00E39D79 /* DTSmartPagingScrollView.m in Sources */ = {isa = PBXBuildFile; fileRef = FA4264F1155D6B5B00E39D79 /* DTSmartPagingScrollView.m */; };
		FA4264F9155D6B5B00E39D79 /* DTSmartPagingScrollView.m in Sources */ = {isa = PBXBuildFile; fileRef = FA4264F1155D6B5B00E39D79 /* DTSmartPagingScrollView.m */; };
/* End PBXBuildFile section */

/* Begin PBXFileReference section */
		A70B4CC51486621B00873A4A /* DTFoundation.h */ = {isa = PBXFileReference; fileEncoding = 4; lastKnownFileType = sourcecode.c.h; path = DTFoundation.h; sourceTree = "<group>"; };
		A70B4CC71486621B00873A4A /* DTVersion.h */ = {isa = PBXFileReference; fileEncoding = 4; lastKnownFileType = sourcecode.c.h; path = DTVersion.h; sourceTree = "<group>"; };
		A70B4CC81486621B00873A4A /* DTVersion.m */ = {isa = PBXFileReference; fileEncoding = 4; lastKnownFileType = sourcecode.c.objc; path = DTVersion.m; sourceTree = "<group>"; };
		A70B4CC91486621B00873A4A /* LoadableCategory.h */ = {isa = PBXFileReference; fileEncoding = 4; lastKnownFileType = sourcecode.c.h; path = LoadableCategory.h; sourceTree = "<group>"; };
		A70B4CCA1486621B00873A4A /* NSString+DTFormatNumbers.h */ = {isa = PBXFileReference; fileEncoding = 4; lastKnownFileType = sourcecode.c.h; path = "NSString+DTFormatNumbers.h"; sourceTree = "<group>"; };
		A70B4CCB1486621B00873A4A /* NSString+DTFormatNumbers.m */ = {isa = PBXFileReference; fileEncoding = 4; lastKnownFileType = sourcecode.c.objc; path = "NSString+DTFormatNumbers.m"; sourceTree = "<group>"; };
		A70B4CCC1486621B00873A4A /* NSURL+DTAppLinks.h */ = {isa = PBXFileReference; fileEncoding = 4; lastKnownFileType = sourcecode.c.h; path = "NSURL+DTAppLinks.h"; sourceTree = "<group>"; };
		A70B4CCD1486621B00873A4A /* NSURL+DTAppLinks.m */ = {isa = PBXFileReference; fileEncoding = 4; lastKnownFileType = sourcecode.c.objc; path = "NSURL+DTAppLinks.m"; sourceTree = "<group>"; };
		A70B4CCE1486621B00873A4A /* NSURL+DTPrefLinks.h */ = {isa = PBXFileReference; fileEncoding = 4; lastKnownFileType = sourcecode.c.h; path = "NSURL+DTPrefLinks.h"; sourceTree = "<group>"; };
		A70B4CCF1486621B00873A4A /* NSURL+DTPrefLinks.m */ = {isa = PBXFileReference; fileEncoding = 4; lastKnownFileType = sourcecode.c.objc; path = "NSURL+DTPrefLinks.m"; sourceTree = "<group>"; };
		A70B4CDB1486628A00873A4A /* LICENSE */ = {isa = PBXFileReference; fileEncoding = 4; lastKnownFileType = text; path = LICENSE; sourceTree = "<group>"; };
		A70B4CDC1486628A00873A4A /* readme.markdown */ = {isa = PBXFileReference; fileEncoding = 4; lastKnownFileType = text; path = readme.markdown; sourceTree = "<group>"; };
		A70B4CDF148662B000873A4A /* DTFoundation-Info.plist */ = {isa = PBXFileReference; fileEncoding = 4; lastKnownFileType = text.plist.xml; path = "DTFoundation-Info.plist"; sourceTree = "<group>"; };
		A70B4CE0148662B000873A4A /* DTFoundation-Prefix.pch */ = {isa = PBXFileReference; fileEncoding = 4; lastKnownFileType = sourcecode.c.h; path = "DTFoundation-Prefix.pch"; sourceTree = "<group>"; };
		A70B4CE71486637E00873A4A /* libDTFoundation.a */ = {isa = PBXFileReference; explicitFileType = archive.ar; includeInIndex = 0; path = libDTFoundation.a; sourceTree = BUILT_PRODUCTS_DIR; };
		A7200AC9150917FD00D81719 /* UIImage+DTFoundation.h */ = {isa = PBXFileReference; fileEncoding = 4; lastKnownFileType = sourcecode.c.h; path = "UIImage+DTFoundation.h"; sourceTree = "<group>"; };
		A7200ACA150917FD00D81719 /* UIImage+DTFoundation.m */ = {isa = PBXFileReference; fileEncoding = 4; lastKnownFileType = sourcecode.c.objc; path = "UIImage+DTFoundation.m"; sourceTree = "<group>"; };
		A72C110314A4946800F4EF69 /* UIView+DTFoundation.h */ = {isa = PBXFileReference; fileEncoding = 4; lastKnownFileType = sourcecode.c.h; path = "UIView+DTFoundation.h"; sourceTree = "<group>"; };
		A72C110414A4946800F4EF69 /* UIView+DTFoundation.m */ = {isa = PBXFileReference; fileEncoding = 4; lastKnownFileType = sourcecode.c.objc; path = "UIView+DTFoundation.m"; sourceTree = "<group>"; };
		A73D5BA9155271FD0024BDB7 /* NSArray+DTError.h */ = {isa = PBXFileReference; fileEncoding = 4; lastKnownFileType = sourcecode.c.h; path = "NSArray+DTError.h"; sourceTree = "<group>"; };
		A73D5BAA155271FD0024BDB7 /* NSArray+DTError.m */ = {isa = PBXFileReference; fileEncoding = 4; lastKnownFileType = sourcecode.c.objc; path = "NSArray+DTError.m"; sourceTree = "<group>"; };
		A7494DF915418B3100BDDB7D /* DTDownloadCache.h */ = {isa = PBXFileReference; fileEncoding = 4; lastKnownFileType = sourcecode.c.h; path = DTDownloadCache.h; sourceTree = "<group>"; };
		A7494DFA15418B3100BDDB7D /* DTDownloadCache.m */ = {isa = PBXFileReference; fileEncoding = 4; lastKnownFileType = sourcecode.c.objc; path = DTDownloadCache.m; sourceTree = "<group>"; };
		A7494E51154190F500BDDB7D /* DTCachedFile.h */ = {isa = PBXFileReference; fileEncoding = 4; lastKnownFileType = sourcecode.c.h; path = DTCachedFile.h; sourceTree = "<group>"; };
		A7494E52154190F500BDDB7D /* DTCachedFile.m */ = {isa = PBXFileReference; fileEncoding = 4; lastKnownFileType = sourcecode.c.objc; path = DTCachedFile.m; sourceTree = "<group>"; };
		A760F52A14F24B9F00AD1B0E /* DTASN1Parser.h */ = {isa = PBXFileReference; fileEncoding = 4; lastKnownFileType = sourcecode.c.h; path = DTASN1Parser.h; sourceTree = "<group>"; };
		A760F52B14F24B9F00AD1B0E /* DTASN1Parser.m */ = {isa = PBXFileReference; fileEncoding = 4; lastKnownFileType = sourcecode.c.objc; path = DTASN1Parser.m; sourceTree = "<group>"; };
		A77DD39C14E648AD00F34B03 /* DTAsyncFileDeleter.h */ = {isa = PBXFileReference; fileEncoding = 4; lastKnownFileType = sourcecode.c.h; path = DTAsyncFileDeleter.h; sourceTree = "<group>"; };
		A77DD39D14E648AD00F34B03 /* DTAsyncFileDeleter.m */ = {isa = PBXFileReference; fileEncoding = 4; lastKnownFileType = sourcecode.c.objc; path = DTAsyncFileDeleter.m; sourceTree = "<group>"; };
		A77DD40614E81AED00F34B03 /* DTZipArchive.h */ = {isa = PBXFileReference; fileEncoding = 4; lastKnownFileType = sourcecode.c.h; path = DTZipArchive.h; sourceTree = "<group>"; };
		A77DD40714E81AEE00F34B03 /* DTZipArchive.m */ = {isa = PBXFileReference; fileEncoding = 4; lastKnownFileType = sourcecode.c.objc; path = DTZipArchive.m; sourceTree = "<group>"; };
		A77DD40D14E825FC00F34B03 /* crypt.h */ = {isa = PBXFileReference; fileEncoding = 4; lastKnownFileType = sourcecode.c.h; path = crypt.h; sourceTree = "<group>"; };
		A77DD40E14E825FC00F34B03 /* ioapi.c */ = {isa = PBXFileReference; fileEncoding = 4; lastKnownFileType = sourcecode.c.c; path = ioapi.c; sourceTree = "<group>"; };
		A77DD40F14E825FC00F34B03 /* ioapi.h */ = {isa = PBXFileReference; fileEncoding = 4; lastKnownFileType = sourcecode.c.h; path = ioapi.h; sourceTree = "<group>"; };
		A77DD41014E825FC00F34B03 /* mztools.c */ = {isa = PBXFileReference; fileEncoding = 4; lastKnownFileType = sourcecode.c.c; path = mztools.c; sourceTree = "<group>"; };
		A77DD41114E825FC00F34B03 /* mztools.h */ = {isa = PBXFileReference; fileEncoding = 4; lastKnownFileType = sourcecode.c.h; path = mztools.h; sourceTree = "<group>"; };
		A77DD41214E825FC00F34B03 /* unzip.c */ = {isa = PBXFileReference; fileEncoding = 4; lastKnownFileType = sourcecode.c.c; path = unzip.c; sourceTree = "<group>"; };
		A77DD41314E825FC00F34B03 /* unzip.h */ = {isa = PBXFileReference; fileEncoding = 4; lastKnownFileType = sourcecode.c.h; path = unzip.h; sourceTree = "<group>"; };
		A77DD41414E825FC00F34B03 /* zip.c */ = {isa = PBXFileReference; fileEncoding = 4; lastKnownFileType = sourcecode.c.c; path = zip.c; sourceTree = "<group>"; };
		A77DD41514E825FC00F34B03 /* zip.h */ = {isa = PBXFileReference; fileEncoding = 4; lastKnownFileType = sourcecode.c.h; path = zip.h; sourceTree = "<group>"; };
		A7949A3814C963F500A8CCDE /* DTHTMLParser.h */ = {isa = PBXFileReference; fileEncoding = 4; lastKnownFileType = sourcecode.c.h; path = DTHTMLParser.h; sourceTree = "<group>"; };
		A7949A3914C963F500A8CCDE /* DTHTMLParser.m */ = {isa = PBXFileReference; fileEncoding = 4; lastKnownFileType = sourcecode.c.objc; path = DTHTMLParser.m; sourceTree = "<group>"; };
		A7B57ED8157004630091D4EF /* UIWebView+DTFoundation.h */ = {isa = PBXFileReference; fileEncoding = 4; lastKnownFileType = sourcecode.c.h; path = "UIWebView+DTFoundation.h"; sourceTree = "<group>"; };
		A7B57ED9157004630091D4EF /* UIWebView+DTFoundation.m */ = {isa = PBXFileReference; fileEncoding = 4; lastKnownFileType = sourcecode.c.objc; path = "UIWebView+DTFoundation.m"; sourceTree = "<group>"; };
		A7BAD10E1483F934000E2B6A /* DTFoundation.framework */ = {isa = PBXFileReference; explicitFileType = wrapper.cfbundle; includeInIndex = 0; path = DTFoundation.framework; sourceTree = BUILT_PRODUCTS_DIR; };
		A7D0AA23153C1B160020F18B /* NSDictionary+DTError.h */ = {isa = PBXFileReference; fileEncoding = 4; lastKnownFileType = sourcecode.c.h; path = "NSDictionary+DTError.h"; sourceTree = "<group>"; };
		A7D0AA24153C1B160020F18B /* NSDictionary+DTError.m */ = {isa = PBXFileReference; fileEncoding = 4; lastKnownFileType = sourcecode.c.objc; path = "NSDictionary+DTError.m"; sourceTree = "<group>"; };
		A7D0AA29153C1FE40020F18B /* NSString+DTURLEncoding.h */ = {isa = PBXFileReference; fileEncoding = 4; lastKnownFileType = sourcecode.c.h; path = "NSString+DTURLEncoding.h"; sourceTree = "<group>"; };
		A7D0AA2A153C1FE40020F18B /* NSString+DTURLEncoding.m */ = {isa = PBXFileReference; fileEncoding = 4; lastKnownFileType = sourcecode.c.objc; path = "NSString+DTURLEncoding.m"; sourceTree = "<group>"; };
		A7D0AA42153C22B00020F18B /* DTDownload.h */ = {isa = PBXFileReference; fileEncoding = 4; lastKnownFileType = sourcecode.c.h; path = DTDownload.h; sourceTree = "<group>"; };
		A7D0AA43153C22B00020F18B /* DTDownload.m */ = {isa = PBXFileReference; fileEncoding = 4; lastKnownFileType = sourcecode.c.objc; path = DTDownload.m; sourceTree = "<group>"; };
		A7D0AA48153C233E0020F18B /* NSString+DTUtilities.h */ = {isa = PBXFileReference; fileEncoding = 4; lastKnownFileType = sourcecode.c.h; path = "NSString+DTUtilities.h"; sourceTree = "<group>"; };
		A7D0AA49153C233E0020F18B /* NSString+DTUtilities.m */ = {isa = PBXFileReference; fileEncoding = 4; lastKnownFileType = sourcecode.c.objc; path = "NSString+DTUtilities.m"; sourceTree = "<group>"; };
		A7D0AA6B153C39920020F18B /* DTUtils.h */ = {isa = PBXFileReference; fileEncoding = 4; lastKnownFileType = sourcecode.c.h; path = DTUtils.h; sourceTree = "<group>"; };
		A7D0AA6C153C39920020F18B /* DTUtils.m */ = {isa = PBXFileReference; fileEncoding = 4; lastKnownFileType = sourcecode.c.objc; path = DTUtils.m; sourceTree = "<group>"; };
		A7D6F2E315063448001CACDD /* DTExtendedFileAttributes.h */ = {isa = PBXFileReference; fileEncoding = 4; lastKnownFileType = sourcecode.c.h; path = DTExtendedFileAttributes.h; sourceTree = "<group>"; };
		A7D6F2E415063448001CACDD /* DTExtendedFileAttributes.m */ = {isa = PBXFileReference; fileEncoding = 4; lastKnownFileType = sourcecode.c.objc; path = DTExtendedFileAttributes.m; sourceTree = "<group>"; };
		A7D8627F14EBF65C001436AF /* NSString+DTPaths.h */ = {isa = PBXFileReference; fileEncoding = 4; lastKnownFileType = sourcecode.c.h; path = "NSString+DTPaths.h"; sourceTree = "<group>"; };
		A7D8628014EBF65C001436AF /* NSString+DTPaths.m */ = {isa = PBXFileReference; fileEncoding = 4; lastKnownFileType = sourcecode.c.objc; path = "NSString+DTPaths.m"; sourceTree = "<group>"; };
		A7D8C2A815643C4E009E94AD /* DTPieProgressIndicator.h */ = {isa = PBXFileReference; fileEncoding = 4; lastKnownFileType = sourcecode.c.h; path = DTPieProgressIndicator.h; sourceTree = "<group>"; };
		A7D8C2A915643C4E009E94AD /* DTPieProgressIndicator.m */ = {isa = PBXFileReference; fileEncoding = 4; lastKnownFileType = sourcecode.c.objc; path = DTPieProgressIndicator.m; sourceTree = "<group>"; };
		A7F4DFF8147FD08900F4059A /* UIKit.framework */ = {isa = PBXFileReference; lastKnownFileType = wrapper.framework; name = UIKit.framework; path = System/Library/Frameworks/UIKit.framework; sourceTree = SDKROOT; };
		A7F4DFFA147FD08F00F4059A /* Foundation.framework */ = {isa = PBXFileReference; lastKnownFileType = wrapper.framework; name = Foundation.framework; path = System/Library/Frameworks/Foundation.framework; sourceTree = SDKROOT; };
		A7FE30631548005700F5DC66 /* NSObject+DTRuntime.h */ = {isa = PBXFileReference; fileEncoding = 4; lastKnownFileType = sourcecode.c.h; path = "NSObject+DTRuntime.h"; sourceTree = "<group>"; };
		A7FE30671548009A00F5DC66 /* NSObject+DTRuntime.m */ = {isa = PBXFileReference; fileEncoding = 4; lastKnownFileType = sourcecode.c.objc; path = "NSObject+DTRuntime.m"; sourceTree = "<group>"; };
		FA4264EE155D6B5B00E39D79 /* DTPageZoomScrollView.h */ = {isa = PBXFileReference; fileEncoding = 4; lastKnownFileType = sourcecode.c.h; path = DTPageZoomScrollView.h; sourceTree = "<group>"; };
		FA4264EF155D6B5B00E39D79 /* DTPageZoomScrollView.m */ = {isa = PBXFileReference; fileEncoding = 4; lastKnownFileType = sourcecode.c.objc; path = DTPageZoomScrollView.m; sourceTree = "<group>"; };
		FA4264F0155D6B5B00E39D79 /* DTSmartPagingScrollView.h */ = {isa = PBXFileReference; fileEncoding = 4; lastKnownFileType = sourcecode.c.h; path = DTSmartPagingScrollView.h; sourceTree = "<group>"; };
		FA4264F1155D6B5B00E39D79 /* DTSmartPagingScrollView.m */ = {isa = PBXFileReference; fileEncoding = 4; lastKnownFileType = sourcecode.c.objc; path = DTSmartPagingScrollView.m; sourceTree = "<group>"; };
/* End PBXFileReference section */

/* Begin PBXFrameworksBuildPhase section */
		A70B4CE41486637E00873A4A /* Frameworks */ = {
			isa = PBXFrameworksBuildPhase;
			buildActionMask = 2147483647;
			files = (
				A70B4CE81486637E00873A4A /* Foundation.framework in Frameworks */,
			);
			runOnlyForDeploymentPostprocessing = 0;
		};
		A7BAD1091483F934000E2B6A /* Frameworks */ = {
			isa = PBXFrameworksBuildPhase;
			buildActionMask = 2147483647;
			files = (
			);
			runOnlyForDeploymentPostprocessing = 0;
		};
/* End PBXFrameworksBuildPhase section */

/* Begin PBXGroup section */
		A70B4CC41486621B00873A4A /* Core */ = {
			isa = PBXGroup;
			children = (
				A70B4CC51486621B00873A4A /* DTFoundation.h */,
				A70B4CDF148662B000873A4A /* DTFoundation-Info.plist */,
				A70B4CE0148662B000873A4A /* DTFoundation-Prefix.pch */,
				A70B4CC61486621B00873A4A /* Source */,
			);
			path = Core;
			sourceTree = "<group>";
		};
		A70B4CC61486621B00873A4A /* Source */ = {
			isa = PBXGroup;
			children = (
				A7D0AA6A153C395C0020F18B /* Classes */,
				A7D0AA69153C39540020F18B /* Categories */,
				A7D0AA68153C39490020F18B /* Utility Functions */,
				A77DD3D014E81A0B00F34B03 /* Externals */,
				A70B4CC91486621B00873A4A /* LoadableCategory.h */,
			);
			path = Source;
			sourceTree = "<group>";
		};
		A70B4CDA1486626900873A4A /* Documentation */ = {
			isa = PBXGroup;
			children = (
				A70B4CDB1486628A00873A4A /* LICENSE */,
				A70B4CDC1486628A00873A4A /* readme.markdown */,
			);
			name = Documentation;
			sourceTree = "<group>";
		};
		A7494E4A154190C000BDDB7D /* DTDownloadCache */ = {
			isa = PBXGroup;
			children = (
				A7D0AA42153C22B00020F18B /* DTDownload.h */,
				A7D0AA43153C22B00020F18B /* DTDownload.m */,
				A7494DF915418B3100BDDB7D /* DTDownloadCache.h */,
				A7494DFA15418B3100BDDB7D /* DTDownloadCache.m */,
				A7494E51154190F500BDDB7D /* DTCachedFile.h */,
				A7494E52154190F500BDDB7D /* DTCachedFile.m */,
			);
			name = DTDownloadCache;
			sourceTree = "<group>";
		};
		A77DD3D014E81A0B00F34B03 /* Externals */ = {
			isa = PBXGroup;
			children = (
				A77DD40C14E825FC00F34B03 /* minizip */,
			);
			path = Externals;
			sourceTree = "<group>";
		};
		A77DD40C14E825FC00F34B03 /* minizip */ = {
			isa = PBXGroup;
			children = (
				A77DD40D14E825FC00F34B03 /* crypt.h */,
				A77DD40E14E825FC00F34B03 /* ioapi.c */,
				A77DD40F14E825FC00F34B03 /* ioapi.h */,
				A77DD41014E825FC00F34B03 /* mztools.c */,
				A77DD41114E825FC00F34B03 /* mztools.h */,
				A77DD41214E825FC00F34B03 /* unzip.c */,
				A77DD41314E825FC00F34B03 /* unzip.h */,
				A77DD41414E825FC00F34B03 /* zip.c */,
				A77DD41514E825FC00F34B03 /* zip.h */,
			);
			path = minizip;
			sourceTree = "<group>";
		};
		A7AB49DB1483C47F00028FE8 /* Frameworks */ = {
			isa = PBXGroup;
			children = (
				A7F4DFFA147FD08F00F4059A /* Foundation.framework */,
				A7F4DFF8147FD08900F4059A /* UIKit.framework */,
			);
			name = Frameworks;
			sourceTree = "<group>";
		};
		A7D0AA68153C39490020F18B /* Utility Functions */ = {
			isa = PBXGroup;
			children = (
				A7D0AA6B153C39920020F18B /* DTUtils.h */,
				A7D0AA6C153C39920020F18B /* DTUtils.m */,
			);
			name = "Utility Functions";
			sourceTree = "<group>";
		};
		A7D0AA69153C39540020F18B /* Categories */ = {
			isa = PBXGroup;
			children = (
				A73D5BA9155271FD0024BDB7 /* NSArray+DTError.h */,
				A73D5BAA155271FD0024BDB7 /* NSArray+DTError.m */,
				A7D0AA23153C1B160020F18B /* NSDictionary+DTError.h */,
				A7D0AA24153C1B160020F18B /* NSDictionary+DTError.m */,
				A7FE30631548005700F5DC66 /* NSObject+DTRuntime.h */,
				A7FE30671548009A00F5DC66 /* NSObject+DTRuntime.m */,
				A70B4CCA1486621B00873A4A /* NSString+DTFormatNumbers.h */,
				A70B4CCB1486621B00873A4A /* NSString+DTFormatNumbers.m */,
				A7D0AA48153C233E0020F18B /* NSString+DTUtilities.h */,
				A7D0AA49153C233E0020F18B /* NSString+DTUtilities.m */,
				A7D8627F14EBF65C001436AF /* NSString+DTPaths.h */,
				A7D8628014EBF65C001436AF /* NSString+DTPaths.m */,
				A7D0AA29153C1FE40020F18B /* NSString+DTURLEncoding.h */,
				A7D0AA2A153C1FE40020F18B /* NSString+DTURLEncoding.m */,
				A70B4CCC1486621B00873A4A /* NSURL+DTAppLinks.h */,
				A70B4CCD1486621B00873A4A /* NSURL+DTAppLinks.m */,
				A70B4CCE1486621B00873A4A /* NSURL+DTPrefLinks.h */,
				A70B4CCF1486621B00873A4A /* NSURL+DTPrefLinks.m */,
				A7200AC9150917FD00D81719 /* UIImage+DTFoundation.h */,
				A7200ACA150917FD00D81719 /* UIImage+DTFoundation.m */,
				A72C110314A4946800F4EF69 /* UIView+DTFoundation.h */,
				A72C110414A4946800F4EF69 /* UIView+DTFoundation.m */,
				A7B57ED8157004630091D4EF /* UIWebView+DTFoundation.h */,
				A7B57ED9157004630091D4EF /* UIWebView+DTFoundation.m */,
			);
			name = Categories;
			sourceTree = "<group>";
		};
		A7D0AA6A153C395C0020F18B /* Classes */ = {
			isa = PBXGroup;
			children = (
				FA4264EC155D6B2500E39D79 /* DTSmartPagingScrollView */,
				A7494E4A154190C000BDDB7D /* DTDownloadCache */,
				A760F52A14F24B9F00AD1B0E /* DTASN1Parser.h */,
				A760F52B14F24B9F00AD1B0E /* DTASN1Parser.m */,
				A77DD39C14E648AD00F34B03 /* DTAsyncFileDeleter.h */,
				A77DD39D14E648AD00F34B03 /* DTAsyncFileDeleter.m */,
				A7D8C2A815643C4E009E94AD /* DTPieProgressIndicator.h */,
				A7D8C2A915643C4E009E94AD /* DTPieProgressIndicator.m */,
				A7D6F2E315063448001CACDD /* DTExtendedFileAttributes.h */,
				A7D6F2E415063448001CACDD /* DTExtendedFileAttributes.m */,
				A7949A3814C963F500A8CCDE /* DTHTMLParser.h */,
				A7949A3914C963F500A8CCDE /* DTHTMLParser.m */,
				A70B4CC71486621B00873A4A /* DTVersion.h */,
				A70B4CC81486621B00873A4A /* DTVersion.m */,
				A77DD40614E81AED00F34B03 /* DTZipArchive.h */,
				A77DD40714E81AEE00F34B03 /* DTZipArchive.m */,
			);
			name = Classes;
			sourceTree = "<group>";
		};
		A7F4DF98147FB61500F4059A = {
			isa = PBXGroup;
			children = (
				A70B4CC41486621B00873A4A /* Core */,
				A70B4CDA1486626900873A4A /* Documentation */,
				A7F4DFA6147FB61500F4059A /* Products */,
				A7AB49DB1483C47F00028FE8 /* Frameworks */,
			);
			sourceTree = "<group>";
		};
		A7F4DFA6147FB61500F4059A /* Products */ = {
			isa = PBXGroup;
			children = (
				A7BAD10E1483F934000E2B6A /* DTFoundation.framework */,
				A70B4CE71486637E00873A4A /* libDTFoundation.a */,
			);
			name = Products;
			path = ../..;
			sourceTree = BUILT_PRODUCTS_DIR;
		};
		FA4264EC155D6B2500E39D79 /* DTSmartPagingScrollView */ = {
			isa = PBXGroup;
			children = (
				FA4264EE155D6B5B00E39D79 /* DTPageZoomScrollView.h */,
				FA4264EF155D6B5B00E39D79 /* DTPageZoomScrollView.m */,
				FA4264F0155D6B5B00E39D79 /* DTSmartPagingScrollView.h */,
				FA4264F1155D6B5B00E39D79 /* DTSmartPagingScrollView.m */,
			);
			name = DTSmartPagingScrollView;
			sourceTree = "<group>";
		};
/* End PBXGroup section */

/* Begin PBXHeadersBuildPhase section */
		A70B4CE51486637E00873A4A /* Headers */ = {
			isa = PBXHeadersBuildPhase;
			buildActionMask = 2147483647;
			files = (
				A70B4CF2148663A800873A4A /* DTVersion.h in Headers */,
				A70B4CF3148663A800873A4A /* NSString+DTFormatNumbers.h in Headers */,
				A70B4CF4148663A800873A4A /* NSURL+DTAppLinks.h in Headers */,
				A70B4CF5148663A800873A4A /* NSURL+DTPrefLinks.h in Headers */,
				A70B4CF6148663A800873A4A /* LoadableCategory.h in Headers */,
				A70B4CF7148663AF00873A4A /* DTFoundation.h in Headers */,
				A72C110614A4946800F4EF69 /* UIView+DTFoundation.h in Headers */,
				A7949A3B14C963F500A8CCDE /* DTHTMLParser.h in Headers */,
				A77DD39F14E648AD00F34B03 /* DTAsyncFileDeleter.h in Headers */,
				A77DD40914E81AEE00F34B03 /* DTZipArchive.h in Headers */,
				A77DD41714E825FC00F34B03 /* crypt.h in Headers */,
				A77DD41B14E825FC00F34B03 /* ioapi.h in Headers */,
				A77DD41F14E825FC00F34B03 /* mztools.h in Headers */,
				A77DD42314E825FC00F34B03 /* unzip.h in Headers */,
				A77DD42714E825FC00F34B03 /* zip.h in Headers */,
				A7D8628214EBF65C001436AF /* NSString+DTPaths.h in Headers */,
				A760F52D14F24B9F00AD1B0E /* DTASN1Parser.h in Headers */,
				A7D6F2E615063448001CACDD /* DTExtendedFileAttributes.h in Headers */,
				A7200ACC150917FD00D81719 /* UIImage+DTFoundation.h in Headers */,
				A7D0AA26153C1B160020F18B /* NSDictionary+DTError.h in Headers */,
				A7D0AA2C153C1FE40020F18B /* NSString+DTURLEncoding.h in Headers */,
				A7D0AA45153C22B00020F18B /* DTDownload.h in Headers */,
				A7D0AA4B153C233E0020F18B /* NSString+DTUtilities.h in Headers */,
				A7D0AA6E153C39920020F18B /* DTUtils.h in Headers */,
				A7494DFC15418B3100BDDB7D /* DTDownloadCache.h in Headers */,
				A7494E54154190F500BDDB7D /* DTCachedFile.h in Headers */,
				A7FE30651548005700F5DC66 /* NSObject+DTRuntime.h in Headers */,
				A73D5BAC155271FD0024BDB7 /* NSArray+DTError.h in Headers */,
				FA4264F3155D6B5B00E39D79 /* DTPageZoomScrollView.h in Headers */,
				FA4264F7155D6B5B00E39D79 /* DTSmartPagingScrollView.h in Headers */,
				A7D8C2AB15643C4E009E94AD /* DTPieProgressIndicator.h in Headers */,
				A7B57EDB157004630091D4EF /* UIWebView+DTFoundation.h in Headers */,
			);
			runOnlyForDeploymentPostprocessing = 0;
		};
		A7BAD10A1483F934000E2B6A /* Headers */ = {
			isa = PBXHeadersBuildPhase;
			buildActionMask = 2147483647;
			files = (
				A70B4CD01486621B00873A4A /* DTFoundation.h in Headers */,
				A70B4CD11486621B00873A4A /* DTVersion.h in Headers */,
				A70B4CD31486621B00873A4A /* LoadableCategory.h in Headers */,
				A70B4CD41486621B00873A4A /* NSString+DTFormatNumbers.h in Headers */,
				A70B4CD61486621B00873A4A /* NSURL+DTAppLinks.h in Headers */,
				A70B4CD81486621B00873A4A /* NSURL+DTPrefLinks.h in Headers */,
				A70B4CE2148662B000873A4A /* DTFoundation-Prefix.pch in Headers */,
				A72C110514A4946800F4EF69 /* UIView+DTFoundation.h in Headers */,
				A7949A3A14C963F500A8CCDE /* DTHTMLParser.h in Headers */,
				A77DD39E14E648AD00F34B03 /* DTAsyncFileDeleter.h in Headers */,
				A77DD40814E81AEE00F34B03 /* DTZipArchive.h in Headers */,
				A77DD41614E825FC00F34B03 /* crypt.h in Headers */,
				A77DD41A14E825FC00F34B03 /* ioapi.h in Headers */,
				A77DD41E14E825FC00F34B03 /* mztools.h in Headers */,
				A77DD42214E825FC00F34B03 /* unzip.h in Headers */,
				A77DD42614E825FC00F34B03 /* zip.h in Headers */,
				A7D8628114EBF65C001436AF /* NSString+DTPaths.h in Headers */,
				A760F52C14F24B9F00AD1B0E /* DTASN1Parser.h in Headers */,
				A7D6F2E515063448001CACDD /* DTExtendedFileAttributes.h in Headers */,
				A7200ACB150917FD00D81719 /* UIImage+DTFoundation.h in Headers */,
				A7D0AA25153C1B160020F18B /* NSDictionary+DTError.h in Headers */,
				A7D0AA2B153C1FE40020F18B /* NSString+DTURLEncoding.h in Headers */,
				A7D0AA44153C22B00020F18B /* DTDownload.h in Headers */,
				A7D0AA4A153C233E0020F18B /* NSString+DTUtilities.h in Headers */,
				A7D0AA6D153C39920020F18B /* DTUtils.h in Headers */,
				A7494DFB15418B3100BDDB7D /* DTDownloadCache.h in Headers */,
				A7494E53154190F500BDDB7D /* DTCachedFile.h in Headers */,
				A7FE30641548005700F5DC66 /* NSObject+DTRuntime.h in Headers */,
				A73D5BAB155271FD0024BDB7 /* NSArray+DTError.h in Headers */,
				FA4264F2155D6B5B00E39D79 /* DTPageZoomScrollView.h in Headers */,
				FA4264F6155D6B5B00E39D79 /* DTSmartPagingScrollView.h in Headers */,
				A7D8C2AA15643C4E009E94AD /* DTPieProgressIndicator.h in Headers */,
				A7B57EDA157004630091D4EF /* UIWebView+DTFoundation.h in Headers */,
			);
			runOnlyForDeploymentPostprocessing = 0;
		};
/* End PBXHeadersBuildPhase section */

/* Begin PBXNativeTarget section */
		A70B4CE61486637E00873A4A /* Static Library */ = {
			isa = PBXNativeTarget;
			buildConfigurationList = A70B4CEF1486637E00873A4A /* Build configuration list for PBXNativeTarget "Static Library" */;
			buildPhases = (
				A70B4CE31486637E00873A4A /* Sources */,
				A70B4CE41486637E00873A4A /* Frameworks */,
				A70B4CE51486637E00873A4A /* Headers */,
			);
			buildRules = (
			);
			dependencies = (
			);
			name = "Static Library";
			productName = DTFoundation;
			productReference = A70B4CE71486637E00873A4A /* libDTFoundation.a */;
			productType = "com.apple.product-type.library.static";
		};
		A7BAD10D1483F934000E2B6A /* Static Framework */ = {
			isa = PBXNativeTarget;
			buildConfigurationList = A7BAD1161483F934000E2B6A /* Build configuration list for PBXNativeTarget "Static Framework" */;
			buildPhases = (
				A7BAD1071483F934000E2B6A /* ShellScript */,
				A7BAD1081483F934000E2B6A /* Sources */,
				A7BAD1091483F934000E2B6A /* Frameworks */,
				A7BAD10A1483F934000E2B6A /* Headers */,
				A7BAD10B1483F934000E2B6A /* Resources */,
				A7BAD10C1483F934000E2B6A /* ShellScript */,
			);
			buildRules = (
			);
			dependencies = (
			);
			name = "Static Framework";
			productName = DTFoundation;
			productReference = A7BAD10E1483F934000E2B6A /* DTFoundation.framework */;
			productType = "com.apple.product-type.bundle";
		};
/* End PBXNativeTarget section */

/* Begin PBXProject section */
		A7F4DF9A147FB61500F4059A /* Project object */ = {
			isa = PBXProject;
			attributes = {
				LastUpgradeCheck = 0430;
				ORGANIZATIONNAME = Cocoanetics;
			};
			buildConfigurationList = A7F4DF9D147FB61500F4059A /* Build configuration list for PBXProject "DTFoundation" */;
			compatibilityVersion = "Xcode 3.2";
			developmentRegion = English;
			hasScannedForEncodings = 0;
			knownRegions = (
				en,
			);
			mainGroup = A7F4DF98147FB61500F4059A;
			productRefGroup = A7F4DFA6147FB61500F4059A /* Products */;
			projectDirPath = "";
			projectRoot = "";
			targets = (
				A7F4DFED147FBAC600F4059A /* Documentation */,
				A7BAD10D1483F934000E2B6A /* Static Framework */,
				A70B4CE61486637E00873A4A /* Static Library */,
			);
		};
/* End PBXProject section */

/* Begin PBXResourcesBuildPhase section */
		A7BAD10B1483F934000E2B6A /* Resources */ = {
			isa = PBXResourcesBuildPhase;
			buildActionMask = 2147483647;
			files = (
				A70B4CDD1486628A00873A4A /* LICENSE in Resources */,
				A70B4CDE1486628A00873A4A /* readme.markdown in Resources */,
			);
			runOnlyForDeploymentPostprocessing = 0;
		};
/* End PBXResourcesBuildPhase section */

/* Begin PBXShellScriptBuildPhase section */
		A7BAD1071483F934000E2B6A /* ShellScript */ = {
			isa = PBXShellScriptBuildPhase;
			buildActionMask = 2147483647;
			files = (
			);
			inputPaths = (
			);
			outputPaths = (
			);
			runOnlyForDeploymentPostprocessing = 0;
			shellPath = /bin/sh;
			shellScript = "set -e\n\nset +u\nif [[ $UFW_MASTER_SCRIPT_RUNNING ]]\nthen\n    # Nothing for the slave script to do\n    exit 0\nfi\nset -u\n\nif [[ \"$SDK_NAME\" =~ ([A-Za-z]+) ]]\nthen\n    UFW_SDK_PLATFORM=${BASH_REMATCH[1]}\nelse\n    echo \"Could not find platform name from SDK_NAME: $SDK_NAME\"\n    exit 1\nfi\n\nif [[ \"$SDK_NAME\" =~ ([0-9]+.*$) ]]\nthen\n\tUFW_SDK_VERSION=${BASH_REMATCH[1]}\nelse\n    echo \"Could not find sdk version  from SDK_NAME: $SDK_NAME\"\n    exit 1\nfi\n\nif [[ \"$UFW_SDK_PLATFORM\" = \"iphoneos\" ]]\nthen\n    UFW_OTHER_PLATFORM=iphonesimulator\nelse\n    UFW_OTHER_PLATFORM=iphoneos\nfi\n\nif [[ \"$BUILT_PRODUCTS_DIR\" =~ (.*)$UFW_SDK_PLATFORM$ ]]\nthen\n    UFW_OTHER_BUILT_PRODUCTS_DIR=\"${BASH_REMATCH[1]}${UFW_OTHER_PLATFORM}\"\nelse\n    echo \"Could not find $UFW_SDK_PLATFORM in $BUILT_PRODUCTS_DIR\"\n    exit 1\nfi\n\n\n# Short-circuit if all binaries are up to date\n\nif [[ -f \"${BUILT_PRODUCTS_DIR}/${EXECUTABLE_PATH}\" ]] && \\\n   [[ -f \"${BUILT_PRODUCTS_DIR}/${PRODUCT_NAME}.embeddedframework/${EXECUTABLE_PATH}\" ]] && \\\n   [[ ! \"${BUILT_PRODUCTS_DIR}/${EXECUTABLE_PATH}\" -nt \"${BUILT_PRODUCTS_DIR}/${PRODUCT_NAME}.embeddedframework/${EXECUTABLE_PATH}\" ]]\n   [[ -f \"${UFW_OTHER_BUILT_PRODUCTS_DIR}/${EXECUTABLE_PATH}\" ]] && \\\n   [[ -f \"${UFW_OTHER_BUILT_PRODUCTS_DIR}/${PRODUCT_NAME}.embeddedframework/${EXECUTABLE_PATH}\" ]] && \\\n   [[ ! \"${UFW_OTHER_BUILT_PRODUCTS_DIR}/${EXECUTABLE_PATH}\" -nt \"${UFW_OTHER_BUILT_PRODUCTS_DIR}/${PRODUCT_NAME}.embeddedframework/${EXECUTABLE_PATH}\" ]]\nthen\n    exit 0\nfi\n\n\n# Clean other platform if needed\n\nif [[ ! -f \"${BUILT_PRODUCTS_DIR}/${EXECUTABLE_PATH}\" ]]\nthen\n\techo \"Platform \\\"$UFW_SDK_PLATFORM\\\" was cleaned recently. Cleaning \\\"$UFW_OTHER_PLATFORM\\\" as well\"\n\techo xcodebuild -project \"${PROJECT_FILE_PATH}\" -target \"${TARGET_NAME}\" -configuration \"${CONFIGURATION}\" -sdk ${UFW_OTHER_PLATFORM}${UFW_SDK_VERSION} BUILD_DIR=\"${BUILD_DIR}\" CONFIGURATION_TEMP_DIR=\"${PROJECT_TEMP_DIR}/${CONFIGURATION}-${UFW_OTHER_PLATFORM}\" clean\n\txcodebuild -project \"${PROJECT_FILE_PATH}\" -target \"${TARGET_NAME}\" -configuration \"${CONFIGURATION}\" -sdk ${UFW_OTHER_PLATFORM}${UFW_SDK_VERSION} BUILD_DIR=\"${BUILD_DIR}\" CONFIGURATION_TEMP_DIR=\"${PROJECT_TEMP_DIR}/${CONFIGURATION}-${UFW_OTHER_PLATFORM}\" clean\nfi\n\n\n# Make sure we are building from fresh binaries\n\nrm -rf \"${BUILT_PRODUCTS_DIR}/${EXECUTABLE_PATH}\"\nrm -rf \"${BUILT_PRODUCTS_DIR}/${PRODUCT_NAME}.embeddedframework\"\nrm -rf \"${UFW_OTHER_BUILT_PRODUCTS_DIR}/${EXECUTABLE_PATH}\"\nrm -rf \"${UFW_OTHER_BUILT_PRODUCTS_DIR}/${PRODUCT_NAME}.embeddedframework\"\n";
		};
		A7BAD10C1483F934000E2B6A /* ShellScript */ = {
			isa = PBXShellScriptBuildPhase;
			buildActionMask = 2147483647;
			files = (
			);
			inputPaths = (
			);
			outputPaths = (
			);
			runOnlyForDeploymentPostprocessing = 0;
			shellPath = /bin/sh;
			shellScript = "set -e\n\nset +u\nif [[ $UFW_MASTER_SCRIPT_RUNNING ]]\nthen\n    # Nothing for the slave script to do\n    exit 0\nfi\nset -u\nexport UFW_MASTER_SCRIPT_RUNNING=1\n\n\n# Functions\n\n## List files in the specified directory, storing to the specified array.\n#\n# @param $1 The path to list\n# @param $2 The name of the array to fill\n#\n##\nlist_files ()\n{\n    filelist=$(ls \"$1\")\n    while read line\n    do\n        eval \"$2[\\${#$2[*]}]=\\\"\\$line\\\"\"\n    done <<< \"$filelist\"\n}\n\n\n# Sanity check\n\nif [[ ! -f \"${BUILT_PRODUCTS_DIR}/${EXECUTABLE_PATH}\" ]]\nthen\n    echo \"Framework target \\\"${TARGET_NAME}\\\" had no source files to build from. Make sure your source files have the correct target membership\"\n    exit 1\nfi\n\n\n# Gather information\n\nif [[ \"$SDK_NAME\" =~ ([A-Za-z]+) ]]\nthen\n    UFW_SDK_PLATFORM=${BASH_REMATCH[1]}\nelse\n    echo \"Could not find platform name from SDK_NAME: $SDK_NAME\"\n    exit 1\nfi\n\nif [[ \"$SDK_NAME\" =~ ([0-9]+.*$) ]]\nthen\n    UFW_SDK_VERSION=${BASH_REMATCH[1]}\nelse\n    echo \"Could not find sdk version from SDK_NAME: $SDK_NAME\"\n    exit 1\nfi\n\nif [[ \"$UFW_SDK_PLATFORM\" = \"iphoneos\" ]]\nthen\n    UFW_OTHER_PLATFORM=iphonesimulator\nelse\n    UFW_OTHER_PLATFORM=iphoneos\nfi\n\nif [[ \"$BUILT_PRODUCTS_DIR\" =~ (.*)$UFW_SDK_PLATFORM$ ]]\nthen\n    UFW_OTHER_BUILT_PRODUCTS_DIR=\"${BASH_REMATCH[1]}${UFW_OTHER_PLATFORM}\"\nelse\n    echo \"Could not find $UFW_SDK_PLATFORM in $BUILT_PRODUCTS_DIR\"\n    exit 1\nfi\n\n\n# Short-circuit if all binaries are up to date.\n# We already checked the other platform in the prerun script.\n\nif [[ -f \"${BUILT_PRODUCTS_DIR}/${EXECUTABLE_PATH}\" ]] && [[ -f \"${BUILT_PRODUCTS_DIR}/${PRODUCT_NAME}.embeddedframework/${EXECUTABLE_PATH}\" ]] && [[ ! \"${BUILT_PRODUCTS_DIR}/${EXECUTABLE_PATH}\" -nt \"${BUILT_PRODUCTS_DIR}/${PRODUCT_NAME}.embeddedframework/${EXECUTABLE_PATH}\" ]]\nthen\n    exit 0\nfi\n\n\n# Make sure the other platform gets built\n\necho \"Build other platform\"\n\necho xcodebuild -project \"${PROJECT_FILE_PATH}\" -target \"${TARGET_NAME}\" -configuration \"${CONFIGURATION}\" -sdk ${UFW_OTHER_PLATFORM}${UFW_SDK_VERSION} BUILD_DIR=\"${BUILD_DIR}\" CONFIGURATION_TEMP_DIR=\"${PROJECT_TEMP_DIR}/${CONFIGURATION}-${UFW_OTHER_PLATFORM}\" $ACTION\nxcodebuild -project \"${PROJECT_FILE_PATH}\" -target \"${TARGET_NAME}\" -configuration \"${CONFIGURATION}\" -sdk ${UFW_OTHER_PLATFORM}${UFW_SDK_VERSION} BUILD_DIR=\"${BUILD_DIR}\" CONFIGURATION_TEMP_DIR=\"${PROJECT_TEMP_DIR}/${CONFIGURATION}-${UFW_OTHER_PLATFORM}\" $ACTION\n\n\n# Build the fat static library binary\n\necho \"Create universal static library\"\n\necho \"$PLATFORM_DEVELOPER_BIN_DIR/libtool\" -static \"${BUILT_PRODUCTS_DIR}/${EXECUTABLE_PATH}\" \"${UFW_OTHER_BUILT_PRODUCTS_DIR}/${EXECUTABLE_PATH}\" -o \"${BUILT_PRODUCTS_DIR}/${EXECUTABLE_PATH}.temp\"\n\"$PLATFORM_DEVELOPER_BIN_DIR/libtool\" -static \"${BUILT_PRODUCTS_DIR}/${EXECUTABLE_PATH}\" \"${UFW_OTHER_BUILT_PRODUCTS_DIR}/${EXECUTABLE_PATH}\" -o \"${BUILT_PRODUCTS_DIR}/${EXECUTABLE_PATH}.temp\"\n\necho mv \"${BUILT_PRODUCTS_DIR}/${EXECUTABLE_PATH}.temp\" \"${BUILT_PRODUCTS_DIR}/${EXECUTABLE_PATH}\"\nmv \"${BUILT_PRODUCTS_DIR}/${EXECUTABLE_PATH}.temp\" \"${BUILT_PRODUCTS_DIR}/${EXECUTABLE_PATH}\"\n\n\n# Build framework structure\n\necho \"Build symlinks\"\n\necho ln -sf A \"${BUILT_PRODUCTS_DIR}/${WRAPPER_NAME}/Versions/Current\"\nln -sf A \"${BUILT_PRODUCTS_DIR}/${WRAPPER_NAME}/Versions/Current\"\necho ln -sf Versions/Current/Headers \"${BUILT_PRODUCTS_DIR}/${WRAPPER_NAME}/Headers\"\nln -sf Versions/Current/Headers \"${BUILT_PRODUCTS_DIR}/${WRAPPER_NAME}/Headers\"\necho ln -sf Versions/Current/Resources \"${BUILT_PRODUCTS_DIR}/${WRAPPER_NAME}/Resources\"\nln -sf Versions/Current/Resources \"${BUILT_PRODUCTS_DIR}/${WRAPPER_NAME}/Resources\"\necho ln -sf \"Versions/Current/${EXECUTABLE_NAME}\" \"${BUILT_PRODUCTS_DIR}/${WRAPPER_NAME}/${EXECUTABLE_NAME}\"\nln -sf \"Versions/Current/${EXECUTABLE_NAME}\" \"${BUILT_PRODUCTS_DIR}/${WRAPPER_NAME}/${EXECUTABLE_NAME}\"\n\n\n# Link to binary for unit tests\n\nmkdir -p \"${BUILT_PRODUCTS_DIR}/.fake_fw_testing.framework\"\nln -sf \"../${WRAPPER_NAME}/${EXECUTABLE_NAME}\" \"${BUILT_PRODUCTS_DIR}/.fake_fw_testing.framework/.fake_fw_testing\"\n\n\n# Build embedded framework structure\n\necho \"Build Embedded Framework\"\n\necho rm -rf \"${BUILT_PRODUCTS_DIR}/${PRODUCT_NAME}.embeddedframework\"\nrm -rf \"${BUILT_PRODUCTS_DIR}/${PRODUCT_NAME}.embeddedframework\"\necho mkdir -p \"${BUILT_PRODUCTS_DIR}/${PRODUCT_NAME}.embeddedframework/Resources\"\nmkdir -p \"${BUILT_PRODUCTS_DIR}/${PRODUCT_NAME}.embeddedframework/Resources\"\necho cp -a \"${BUILT_PRODUCTS_DIR}/${WRAPPER_NAME}\" \"${BUILT_PRODUCTS_DIR}/${PRODUCT_NAME}.embeddedframework/\"\ncp -a \"${BUILT_PRODUCTS_DIR}/${WRAPPER_NAME}\" \"${BUILT_PRODUCTS_DIR}/${PRODUCT_NAME}.embeddedframework/\"\n\ndeclare -a UFW_FILE_LIST\nlist_files \"${BUILT_PRODUCTS_DIR}/${UNLOCALIZED_RESOURCES_FOLDER_PATH}\" UFW_FILE_LIST\nfor filename in \"${UFW_FILE_LIST[@]}\"\ndo\n    if [[ \"${filename}\" != \"Info.plist\" ]] && [[ ! \"${filename}\" =~ .*\\.lproj$ ]]\n    then\n        echo ln -sf \"../${WRAPPER_NAME}/Resources/${filename}\" \"${BUILT_PRODUCTS_DIR}/${PRODUCT_NAME}.embeddedframework/Resources/${filename}\"\n        ln -sf \"../${WRAPPER_NAME}/Resources/${filename}\" \"${BUILT_PRODUCTS_DIR}/${PRODUCT_NAME}.embeddedframework/Resources/${filename}\"\n    fi\ndone\n\n\n# Replace other platform's framework with a copy of this one (so that both have the same universal binary)\n\necho \"Copy from $UFW_SDK_PLATFORM to $UFW_OTHER_PLATFORM\"\n\necho rm -rf \"${BUILD_DIR}/${CONFIGURATION}-${UFW_OTHER_PLATFORM}\"\nrm -rf \"${BUILD_DIR}/${CONFIGURATION}-${UFW_OTHER_PLATFORM}\"\necho cp -a \"${BUILD_DIR}/${CONFIGURATION}-${UFW_SDK_PLATFORM}\" \"${BUILD_DIR}/${CONFIGURATION}-${UFW_OTHER_PLATFORM}\"\ncp -a \"${BUILD_DIR}/${CONFIGURATION}-${UFW_SDK_PLATFORM}\" \"${BUILD_DIR}/${CONFIGURATION}-${UFW_OTHER_PLATFORM}\"\n";
		};
		A7F4DFF1147FBB0B00F4059A /* ShellScript */ = {
			isa = PBXShellScriptBuildPhase;
			buildActionMask = 2147483647;
			files = (
			);
			inputPaths = (
			);
			outputPaths = (
			);
			runOnlyForDeploymentPostprocessing = 0;
			shellPath = /bin/sh;
			shellScript = "/usr/local/bin/appledoc \\\n--project-name \"DTFoundation\" \\\n--project-company \"Cocoanetics\" \\\n--company-id \"com.cocoanetics\" \\\n--docset-atom-filename \"DTFoundation.atom\" \\\n--docset-feed-url \"http://cocoanetics.github.com/DTFoundation/%DOCSETATOMFILENAME\" \\\n--docset-package-url \"http://cocoanetics.github.com/DTFoundation/%DOCSETPACKAGEFILENAME\" \\\n--docset-fallback-url \"http://cocoanetics.github.com/DTFoundation/\" \\\n--output \"~/help/DTFoundation\" \\\n--publish-docset \\\n--logformat xcode \\\n--keep-undocumented-objects \\\n--keep-undocumented-members \\\n--keep-intermediate-files \\\n--no-repeat-first-par \\\n--no-warn-invalid-crossref \\\n--ignore \"*.m\" \\\n--ignore \"LoadableCategory.h\" \\\n--index-desc \"${PROJECT_DIR}/readme.markdown\" \\\n\"${PROJECT_DIR}/Core/Source\"";
		};
/* End PBXShellScriptBuildPhase section */

/* Begin PBXSourcesBuildPhase section */
		A70B4CE31486637E00873A4A /* Sources */ = {
			isa = PBXSourcesBuildPhase;
			buildActionMask = 2147483647;
			files = (
				A7A7CC7914866CAF00EC2EE4 /* DTVersion.m in Sources */,
				A7A7CC7A14866CAF00EC2EE4 /* NSString+DTFormatNumbers.m in Sources */,
				A7A7CC7B14866CAF00EC2EE4 /* NSURL+DTAppLinks.m in Sources */,
				A7A7CC7C14866CAF00EC2EE4 /* NSURL+DTPrefLinks.m in Sources */,
				A72C110814A4946800F4EF69 /* UIView+DTFoundation.m in Sources */,
				A7949A3D14C963F500A8CCDE /* DTHTMLParser.m in Sources */,
				A77DD3A114E648AD00F34B03 /* DTAsyncFileDeleter.m in Sources */,
				A77DD40B14E81AEE00F34B03 /* DTZipArchive.m in Sources */,
				A77DD41914E825FC00F34B03 /* ioapi.c in Sources */,
				A77DD41D14E825FC00F34B03 /* mztools.c in Sources */,
				A77DD42114E825FC00F34B03 /* unzip.c in Sources */,
				A77DD42514E825FC00F34B03 /* zip.c in Sources */,
				A7D8628414EBF65C001436AF /* NSString+DTPaths.m in Sources */,
				A760F52F14F24B9F00AD1B0E /* DTASN1Parser.m in Sources */,
				A7D6F2E815063448001CACDD /* DTExtendedFileAttributes.m in Sources */,
				A7200ACE150917FD00D81719 /* UIImage+DTFoundation.m in Sources */,
				A7D0AA28153C1B160020F18B /* NSDictionary+DTError.m in Sources */,
				A7D0AA2E153C1FE40020F18B /* NSString+DTURLEncoding.m in Sources */,
				A7D0AA47153C22B00020F18B /* DTDownload.m in Sources */,
				A7D0AA4D153C233E0020F18B /* NSString+DTUtilities.m in Sources */,
				A7D0AA70153C39920020F18B /* DTUtils.m in Sources */,
				A7494DFE15418B3100BDDB7D /* DTDownloadCache.m in Sources */,
				A7494E56154190F500BDDB7D /* DTCachedFile.m in Sources */,
				A7FE30691548009A00F5DC66 /* NSObject+DTRuntime.m in Sources */,
				A73D5BAE155271FD0024BDB7 /* NSArray+DTError.m in Sources */,
				FA4264F5155D6B5B00E39D79 /* DTPageZoomScrollView.m in Sources */,
				FA4264F9155D6B5B00E39D79 /* DTSmartPagingScrollView.m in Sources */,
				A7D8C2AD15643C4E009E94AD /* DTPieProgressIndicator.m in Sources */,
				A7B57EDD157004630091D4EF /* UIWebView+DTFoundation.m in Sources */,
			);
			runOnlyForDeploymentPostprocessing = 0;
		};
		A7BAD1081483F934000E2B6A /* Sources */ = {
			isa = PBXSourcesBuildPhase;
			buildActionMask = 2147483647;
			files = (
				A70B4CD21486621B00873A4A /* DTVersion.m in Sources */,
				A70B4CD51486621B00873A4A /* NSString+DTFormatNumbers.m in Sources */,
				A70B4CD71486621B00873A4A /* NSURL+DTAppLinks.m in Sources */,
				A70B4CD91486621B00873A4A /* NSURL+DTPrefLinks.m in Sources */,
				A72C110714A4946800F4EF69 /* UIView+DTFoundation.m in Sources */,
				A7949A3C14C963F500A8CCDE /* DTHTMLParser.m in Sources */,
				A77DD3A014E648AD00F34B03 /* DTAsyncFileDeleter.m in Sources */,
				A77DD40A14E81AEE00F34B03 /* DTZipArchive.m in Sources */,
				A77DD41814E825FC00F34B03 /* ioapi.c in Sources */,
				A77DD41C14E825FC00F34B03 /* mztools.c in Sources */,
				A77DD42014E825FC00F34B03 /* unzip.c in Sources */,
				A77DD42414E825FC00F34B03 /* zip.c in Sources */,
				A7D8628314EBF65C001436AF /* NSString+DTPaths.m in Sources */,
				A760F52E14F24B9F00AD1B0E /* DTASN1Parser.m in Sources */,
				A7D6F2E715063448001CACDD /* DTExtendedFileAttributes.m in Sources */,
				A7200ACD150917FD00D81719 /* UIImage+DTFoundation.m in Sources */,
				A7D0AA27153C1B160020F18B /* NSDictionary+DTError.m in Sources */,
				A7D0AA2D153C1FE40020F18B /* NSString+DTURLEncoding.m in Sources */,
				A7D0AA46153C22B00020F18B /* DTDownload.m in Sources */,
				A7D0AA4C153C233E0020F18B /* NSString+DTUtilities.m in Sources */,
				A7D0AA6F153C39920020F18B /* DTUtils.m in Sources */,
				A7494DFD15418B3100BDDB7D /* DTDownloadCache.m in Sources */,
				A7494E55154190F500BDDB7D /* DTCachedFile.m in Sources */,
				A7FE30681548009A00F5DC66 /* NSObject+DTRuntime.m in Sources */,
				A73D5BAD155271FD0024BDB7 /* NSArray+DTError.m in Sources */,
				FA4264F4155D6B5B00E39D79 /* DTPageZoomScrollView.m in Sources */,
				FA4264F8155D6B5B00E39D79 /* DTSmartPagingScrollView.m in Sources */,
				A7D8C2AC15643C4E009E94AD /* DTPieProgressIndicator.m in Sources */,
				A7B57EDC157004630091D4EF /* UIWebView+DTFoundation.m in Sources */,
			);
			runOnlyForDeploymentPostprocessing = 0;
		};
/* End PBXSourcesBuildPhase section */

/* Begin XCBuildConfiguration section */
		A70B4CF01486637E00873A4A /* Debug */ = {
			isa = XCBuildConfiguration;
			buildSettings = {
				ARCHS = (
					armv6,
					"$(ARCHS_STANDARD_32_BIT)",
				);
				DSTROOT = /tmp/DTFoundation.dst;
				GCC_PRECOMPILE_PREFIX_HEADER = YES;
				GCC_PREFIX_HEADER = "Core/DTFoundation-Prefix.pch";
				GCC_THUMB_SUPPORT = NO;
				OTHER_LDFLAGS = "-ObjC";
				PRODUCT_NAME = DTFoundation;
				PUBLIC_HEADERS_FOLDER_PATH = ../../DTFoundation;
				SKIP_INSTALL = YES;
			};
			name = Debug;
		};
		A70B4CF11486637E00873A4A /* Release */ = {
			isa = XCBuildConfiguration;
			buildSettings = {
				ARCHS = (
					armv6,
					"$(ARCHS_STANDARD_32_BIT)",
				);
				DSTROOT = /tmp/DTFoundation.dst;
				GCC_PRECOMPILE_PREFIX_HEADER = YES;
				GCC_PREFIX_HEADER = "Core/DTFoundation-Prefix.pch";
				GCC_THUMB_SUPPORT = NO;
				OTHER_LDFLAGS = "-ObjC";
				PRODUCT_NAME = DTFoundation;
				PUBLIC_HEADERS_FOLDER_PATH = ../../DTFoundation;
				SKIP_INSTALL = YES;
			};
			name = Release;
		};
		A7BAD1171483F934000E2B6A /* Debug */ = {
			isa = XCBuildConfiguration;
			buildSettings = {
				ARCHS = (
					"$(ARCHS_STANDARD_32_BIT)",
					armv6,
				);
				CONTENTS_FOLDER_PATH = "$(WRAPPER_NAME)/Versions/$(FRAMEWORK_VERSION)";
				DEAD_CODE_STRIPPING = NO;
				DEPLOYMENT_POSTPROCESSING = YES;
				DYLIB_COMPATIBILITY_VERSION = 1;
				DYLIB_CURRENT_VERSION = 1;
				FRAMEWORK_VERSION = A;
				GCC_PRECOMPILE_PREFIX_HEADER = YES;
				GCC_PREFIX_HEADER = "Core/DTFoundation-Prefix.pch";
				INFOPLIST_FILE = "Core/DTFoundation-Info.plist";
				INFOPLIST_PATH = "$(UNLOCALIZED_RESOURCES_FOLDER_PATH)/Info.plist";
				INSTALL_PATH = "$(BUILT_PRODUCTS_DIR)";
				LINK_WITH_STANDARD_LIBRARIES = NO;
				MACH_O_TYPE = mh_object;
				PRODUCT_NAME = DTFoundation;
				SKIP_INSTALL = YES;
				UNLOCALIZED_RESOURCES_FOLDER_PATH = "$(CONTENTS_FOLDER_PATH)/Resources";
				WRAPPER_EXTENSION = framework;
			};
			name = Debug;
		};
		A7BAD1181483F934000E2B6A /* Release */ = {
			isa = XCBuildConfiguration;
			buildSettings = {
				ARCHS = (
					"$(ARCHS_STANDARD_32_BIT)",
					armv6,
				);
				CONTENTS_FOLDER_PATH = "$(WRAPPER_NAME)/Versions/$(FRAMEWORK_VERSION)";
				DEAD_CODE_STRIPPING = NO;
				DEPLOYMENT_POSTPROCESSING = YES;
				DYLIB_COMPATIBILITY_VERSION = 1;
				DYLIB_CURRENT_VERSION = 1;
				FRAMEWORK_VERSION = A;
				GCC_PRECOMPILE_PREFIX_HEADER = YES;
				GCC_PREFIX_HEADER = "Core/DTFoundation-Prefix.pch";
				INFOPLIST_FILE = "Core/DTFoundation-Info.plist";
				INFOPLIST_PATH = "$(UNLOCALIZED_RESOURCES_FOLDER_PATH)/Info.plist";
				INSTALL_PATH = "$(BUILT_PRODUCTS_DIR)";
				LINK_WITH_STANDARD_LIBRARIES = NO;
				MACH_O_TYPE = mh_object;
				PRODUCT_NAME = DTFoundation;
				SKIP_INSTALL = YES;
				UNLOCALIZED_RESOURCES_FOLDER_PATH = "$(CONTENTS_FOLDER_PATH)/Resources";
				WRAPPER_EXTENSION = framework;
			};
			name = Release;
		};
		A7F4DFB0147FB61500F4059A /* Debug */ = {
			isa = XCBuildConfiguration;
			buildSettings = {
				ALWAYS_SEARCH_USER_PATHS = NO;
				ARCHS = (
					armv6,
					"$(ARCHS_STANDARD_32_BIT)",
				);
				CLANG_ENABLE_OBJC_ARC = YES;
				COPY_PHASE_STRIP = NO;
				GCC_C_LANGUAGE_STANDARD = gnu99;
				GCC_DYNAMIC_NO_PIC = NO;
				GCC_OPTIMIZATION_LEVEL = 0;
				GCC_PREPROCESSOR_DEFINITIONS = (
					"DEBUG=1",
					"$(inherited)",
				);
				GCC_SYMBOLS_PRIVATE_EXTERN = NO;
				GCC_THUMB_SUPPORT = NO;
				GCC_VERSION = com.apple.compilers.llvm.clang.1_0;
				GCC_WARN_ABOUT_MISSING_PROTOTYPES = YES;
				GCC_WARN_ABOUT_RETURN_TYPE = YES;
				GCC_WARN_UNUSED_VARIABLE = YES;
				HEADER_SEARCH_PATHS = /usr/include/libxml2;
				IPHONEOS_DEPLOYMENT_TARGET = 5.0;
				SDKROOT = iphoneos;
			};
			name = Debug;
		};
		A7F4DFB1147FB61500F4059A /* Release */ = {
			isa = XCBuildConfiguration;
			buildSettings = {
				ALWAYS_SEARCH_USER_PATHS = NO;
				ARCHS = (
					armv6,
					"$(ARCHS_STANDARD_32_BIT)",
				);
				CLANG_ENABLE_OBJC_ARC = YES;
				COPY_PHASE_STRIP = YES;
				GCC_C_LANGUAGE_STANDARD = gnu99;
				GCC_THUMB_SUPPORT = NO;
				GCC_VERSION = com.apple.compilers.llvm.clang.1_0;
				GCC_WARN_ABOUT_MISSING_PROTOTYPES = YES;
				GCC_WARN_ABOUT_RETURN_TYPE = YES;
				GCC_WARN_UNUSED_VARIABLE = YES;
				HEADER_SEARCH_PATHS = /usr/include/libxml2;
				IPHONEOS_DEPLOYMENT_TARGET = 5.0;
				SDKROOT = iphoneos;
				VALIDATE_PRODUCT = YES;
			};
			name = Release;
		};
		A7F4DFEF147FBAC600F4059A /* Debug */ = {
			isa = XCBuildConfiguration;
			buildSettings = {
				GCC_THUMB_SUPPORT = NO;
				PRODUCT_NAME = "$(TARGET_NAME)";
			};
			name = Debug;
		};
		A7F4DFF0147FBAC600F4059A /* Release */ = {
			isa = XCBuildConfiguration;
			buildSettings = {
				GCC_THUMB_SUPPORT = NO;
				PRODUCT_NAME = "$(TARGET_NAME)";
			};
			name = Release;
		};
/* End XCBuildConfiguration section */

/* Begin XCConfigurationList section */
		A70B4CEF1486637E00873A4A /* Build configuration list for PBXNativeTarget "Static Library" */ = {
			isa = XCConfigurationList;
			buildConfigurations = (
				A70B4CF01486637E00873A4A /* Debug */,
				A70B4CF11486637E00873A4A /* Release */,
			);
			defaultConfigurationIsVisible = 0;
			defaultConfigurationName = Release;
		};
		A7BAD1161483F934000E2B6A /* Build configuration list for PBXNativeTarget "Static Framework" */ = {
			isa = XCConfigurationList;
			buildConfigurations = (
				A7BAD1171483F934000E2B6A /* Debug */,
				A7BAD1181483F934000E2B6A /* Release */,
			);
			defaultConfigurationIsVisible = 0;
			defaultConfigurationName = Release;
		};
		A7F4DF9D147FB61500F4059A /* Build configuration list for PBXProject "DTFoundation" */ = {
			isa = XCConfigurationList;
			buildConfigurations = (
				A7F4DFB0147FB61500F4059A /* Debug */,
				A7F4DFB1147FB61500F4059A /* Release */,
			);
			defaultConfigurationIsVisible = 0;
			defaultConfigurationName = Release;
		};
		A7F4DFEE147FBAC600F4059A /* Build configuration list for PBXAggregateTarget "Documentation" */ = {
			isa = XCConfigurationList;
			buildConfigurations = (
				A7F4DFEF147FBAC600F4059A /* Debug */,
				A7F4DFF0147FBAC600F4059A /* Release */,
			);
			defaultConfigurationIsVisible = 0;
			defaultConfigurationName = Release;
		};
/* End XCConfigurationList section */
	};
	rootObject = A7F4DF9A147FB61500F4059A /* Project object */;
}
